{
    "_meta": {
        "hash": {
            "sha256": "f1bb7109d357cbbb3468f283eb613c1e5945fe6ed456006599129e9016a1ef23"
        },
        "pipfile-spec": 6,
        "requires": {
            "python_version": "3.11"
        },
        "sources": [
            {
                "name": "pypi",
                "url": "https://pypi.org/simple",
                "verify_ssl": true
            }
        ]
    },
    "default": {
        "annotated-types": {
            "hashes": [
                "sha256:1f02e8b43a8fbbc3f3e0d4f0f4bfc8131bcb4eebe8849b8e5c773f3a1c582a53",
                "sha256:aff07c09a53a08bc8cfccb9c85b05f1aa9a2a6f23728d790723543408344ce89"
            ],
            "markers": "python_version >= '3.8'",
            "version": "==0.7.0"
        },
        "anyio": {
            "hashes": [
                "sha256:5aadc6a1bbb7cdb0bede386cac5e2940f5e2ff3aa20277e991cf028e0585ce94",
                "sha256:c1b2d8f46a8a812513012e1107cb0e68c17159a7a594208005a57dc776e1bdc7"
            ],
            "markers": "python_version >= '3.8'",
            "version": "==4.4.0"
        },
        "backports.tarfile": {
            "hashes": [
                "sha256:77e284d754527b01fb1e6fa8a1afe577858ebe4e9dad8919e34c862cb399bc34",
                "sha256:d75e02c268746e1b8144c278978b6e98e85de6ad16f8e4b0844a154557eca991"
            ],
            "markers": "python_version < '3.12'",
            "version": "==1.2.0"
        },
        "build": {
            "hashes": [
                "sha256:119b2fb462adef986483438377a13b2f42064a2a3a4161f24a0cca698a07ac8c",
                "sha256:277ccc71619d98afdd841a0e96ac9fe1593b823af481d3b0cea748e8894e0613"
            ],
            "index": "pypi",
            "markers": "python_version >= '3.8'",
            "version": "==1.2.2"
        },
        "cachetools": {
            "hashes": [
                "sha256:02134e8439cdc2ffb62023ce1debca2944c3f289d66bb17ead3ab3dede74b292",
                "sha256:2cc24fb4cbe39633fb7badd9db9ca6295d766d9c2995f245725a46715d050f2a"
            ],
            "markers": "python_version >= '3.7'",
            "version": "==5.5.0"
        },
        "certifi": {
            "hashes": [
                "sha256:922820b53db7a7257ffbda3f597266d435245903d80737e34f8a45ff3e3230d8",
                "sha256:bec941d2aa8195e248a60b31ff9f0558284cf01a52591ceda73ea9afffd69fd9"
            ],
            "markers": "python_version >= '3.6'",
            "version": "==2024.8.30"
        },
        "charset-normalizer": {
            "hashes": [
                "sha256:06435b539f889b1f6f4ac1758871aae42dc3a8c0e24ac9e60c2384973ad73027",
                "sha256:06a81e93cd441c56a9b65d8e1d043daeb97a3d0856d177d5c90ba85acb3db087",
                "sha256:0a55554a2fa0d408816b3b5cedf0045f4b8e1a6065aec45849de2d6f3f8e9786",
                "sha256:0b2b64d2bb6d3fb9112bafa732def486049e63de9618b5843bcdd081d8144cd8",
                "sha256:10955842570876604d404661fbccbc9c7e684caf432c09c715ec38fbae45ae09",
                "sha256:122c7fa62b130ed55f8f285bfd56d5f4b4a5b503609d181f9ad85e55c89f4185",
                "sha256:1ceae2f17a9c33cb48e3263960dc5fc8005351ee19db217e9b1bb15d28c02574",
                "sha256:1d3193f4a680c64b4b6a9115943538edb896edc190f0b222e73761716519268e",
                "sha256:1f79682fbe303db92bc2b1136016a38a42e835d932bab5b3b1bfcfbf0640e519",
                "sha256:2127566c664442652f024c837091890cb1942c30937add288223dc895793f898",
                "sha256:22afcb9f253dac0696b5a4be4a1c0f8762f8239e21b99680099abd9b2b1b2269",
                "sha256:25baf083bf6f6b341f4121c2f3c548875ee6f5339300e08be3f2b2ba1721cdd3",
                "sha256:2e81c7b9c8979ce92ed306c249d46894776a909505d8f5a4ba55b14206e3222f",
                "sha256:3287761bc4ee9e33561a7e058c72ac0938c4f57fe49a09eae428fd88aafe7bb6",
                "sha256:34d1c8da1e78d2e001f363791c98a272bb734000fcef47a491c1e3b0505657a8",
                "sha256:37e55c8e51c236f95b033f6fb391d7d7970ba5fe7ff453dad675e88cf303377a",
                "sha256:3d47fa203a7bd9c5b6cee4736ee84ca03b8ef23193c0d1ca99b5089f72645c73",
                "sha256:3e4d1f6587322d2788836a99c69062fbb091331ec940e02d12d179c1d53e25fc",
                "sha256:42cb296636fcc8b0644486d15c12376cb9fa75443e00fb25de0b8602e64c1714",
                "sha256:45485e01ff4d3630ec0d9617310448a8702f70e9c01906b0d0118bdf9d124cf2",
                "sha256:4a78b2b446bd7c934f5dcedc588903fb2f5eec172f3d29e52a9096a43722adfc",
                "sha256:4ab2fe47fae9e0f9dee8c04187ce5d09f48eabe611be8259444906793ab7cbce",
                "sha256:4d0d1650369165a14e14e1e47b372cfcb31d6ab44e6e33cb2d4e57265290044d",
                "sha256:549a3a73da901d5bc3ce8d24e0600d1fa85524c10287f6004fbab87672bf3e1e",
                "sha256:55086ee1064215781fff39a1af09518bc9255b50d6333f2e4c74ca09fac6a8f6",
                "sha256:572c3763a264ba47b3cf708a44ce965d98555f618ca42c926a9c1616d8f34269",
                "sha256:573f6eac48f4769d667c4442081b1794f52919e7edada77495aaed9236d13a96",
                "sha256:5b4c145409bef602a690e7cfad0a15a55c13320ff7a3ad7ca59c13bb8ba4d45d",
                "sha256:6463effa3186ea09411d50efc7d85360b38d5f09b870c48e4600f63af490e56a",
                "sha256:65f6f63034100ead094b8744b3b97965785388f308a64cf8d7c34f2f2e5be0c4",
                "sha256:663946639d296df6a2bb2aa51b60a2454ca1cb29835324c640dafb5ff2131a77",
                "sha256:6897af51655e3691ff853668779c7bad41579facacf5fd7253b0133308cf000d",
                "sha256:68d1f8a9e9e37c1223b656399be5d6b448dea850bed7d0f87a8311f1ff3dabb0",
                "sha256:6ac7ffc7ad6d040517be39eb591cac5ff87416c2537df6ba3cba3bae290c0fed",
                "sha256:6b3251890fff30ee142c44144871185dbe13b11bab478a88887a639655be1068",
                "sha256:6c4caeef8fa63d06bd437cd4bdcf3ffefe6738fb1b25951440d80dc7df8c03ac",
                "sha256:6ef1d82a3af9d3eecdba2321dc1b3c238245d890843e040e41e470ffa64c3e25",
                "sha256:753f10e867343b4511128c6ed8c82f7bec3bd026875576dfd88483c5c73b2fd8",
                "sha256:7cd13a2e3ddeed6913a65e66e94b51d80a041145a026c27e6bb76c31a853c6ab",
                "sha256:7ed9e526742851e8d5cc9e6cf41427dfc6068d4f5a3bb03659444b4cabf6bc26",
                "sha256:7f04c839ed0b6b98b1a7501a002144b76c18fb1c1850c8b98d458ac269e26ed2",
                "sha256:802fe99cca7457642125a8a88a084cef28ff0cf9407060f7b93dca5aa25480db",
                "sha256:80402cd6ee291dcb72644d6eac93785fe2c8b9cb30893c1af5b8fdd753b9d40f",
                "sha256:8465322196c8b4d7ab6d1e049e4c5cb460d0394da4a27d23cc242fbf0034b6b5",
                "sha256:86216b5cee4b06df986d214f664305142d9c76df9b6512be2738aa72a2048f99",
                "sha256:87d1351268731db79e0f8e745d92493ee2841c974128ef629dc518b937d9194c",
                "sha256:8bdb58ff7ba23002a4c5808d608e4e6c687175724f54a5dade5fa8c67b604e4d",
                "sha256:8c622a5fe39a48f78944a87d4fb8a53ee07344641b0562c540d840748571b811",
                "sha256:8d756e44e94489e49571086ef83b2bb8ce311e730092d2c34ca8f7d925cb20aa",
                "sha256:8f4a014bc36d3c57402e2977dada34f9c12300af536839dc38c0beab8878f38a",
                "sha256:9063e24fdb1e498ab71cb7419e24622516c4a04476b17a2dab57e8baa30d6e03",
                "sha256:90d558489962fd4918143277a773316e56c72da56ec7aa3dc3dbbe20fdfed15b",
                "sha256:923c0c831b7cfcb071580d3f46c4baf50f174be571576556269530f4bbd79d04",
                "sha256:95f2a5796329323b8f0512e09dbb7a1860c46a39da62ecb2324f116fa8fdc85c",
                "sha256:96b02a3dc4381e5494fad39be677abcb5e6634bf7b4fa83a6dd3112607547001",
                "sha256:9f96df6923e21816da7e0ad3fd47dd8f94b2a5ce594e00677c0013018b813458",
                "sha256:a10af20b82360ab00827f916a6058451b723b4e65030c5a18577c8b2de5b3389",
                "sha256:a50aebfa173e157099939b17f18600f72f84eed3049e743b68ad15bd69b6bf99",
                "sha256:a981a536974bbc7a512cf44ed14938cf01030a99e9b3a06dd59578882f06f985",
                "sha256:a9a8e9031d613fd2009c182b69c7b2c1ef8239a0efb1df3f7c8da66d5dd3d537",
                "sha256:ae5f4161f18c61806f411a13b0310bea87f987c7d2ecdbdaad0e94eb2e404238",
                "sha256:aed38f6e4fb3f5d6bf81bfa990a07806be9d83cf7bacef998ab1a9bd660a581f",
                "sha256:b01b88d45a6fcb69667cd6d2f7a9aeb4bf53760d7fc536bf679ec94fe9f3ff3d",
                "sha256:b261ccdec7821281dade748d088bb6e9b69e6d15b30652b74cbbac25e280b796",
                "sha256:b2b0a0c0517616b6869869f8c581d4eb2dd83a4d79e0ebcb7d373ef9956aeb0a",
                "sha256:b4a23f61ce87adf89be746c8a8974fe1c823c891d8f86eb218bb957c924bb143",
                "sha256:bd8f7df7d12c2db9fab40bdd87a7c09b1530128315d047a086fa3ae3435cb3a8",
                "sha256:beb58fe5cdb101e3a055192ac291b7a21e3b7ef4f67fa1d74e331a7f2124341c",
                "sha256:c002b4ffc0be611f0d9da932eb0f704fe2602a9a949d1f738e4c34c75b0863d5",
                "sha256:c083af607d2515612056a31f0a8d9e0fcb5876b7bfc0abad3ecd275bc4ebc2d5",
                "sha256:c180f51afb394e165eafe4ac2936a14bee3eb10debc9d9e4db8958fe36afe711",
                "sha256:c235ebd9baae02f1b77bcea61bce332cb4331dc3617d254df3323aa01ab47bd4",
                "sha256:cd70574b12bb8a4d2aaa0094515df2463cb429d8536cfb6c7ce983246983e5a6",
                "sha256:d0eccceffcb53201b5bfebb52600a5fb483a20b61da9dbc885f8b103cbe7598c",
                "sha256:d965bba47ddeec8cd560687584e88cf699fd28f192ceb452d1d7ee807c5597b7",
                "sha256:db364eca23f876da6f9e16c9da0df51aa4f104a972735574842618b8c6d999d4",
                "sha256:ddbb2551d7e0102e7252db79ba445cdab71b26640817ab1e3e3648dad515003b",
                "sha256:deb6be0ac38ece9ba87dea880e438f25ca3eddfac8b002a2ec3d9183a454e8ae",
                "sha256:e06ed3eb3218bc64786f7db41917d4e686cc4856944f53d5bdf83a6884432e12",
                "sha256:e27ad930a842b4c5eb8ac0016b0a54f5aebbe679340c26101df33424142c143c",
                "sha256:e537484df0d8f426ce2afb2d0f8e1c3d0b114b83f8850e5f2fbea0e797bd82ae",
                "sha256:eb00ed941194665c332bf8e078baf037d6c35d7c4f3102ea2d4f16ca94a26dc8",
                "sha256:eb6904c354526e758fda7167b33005998fb68c46fbc10e013ca97f21ca5c8887",
                "sha256:eb8821e09e916165e160797a6c17edda0679379a4be5c716c260e836e122f54b",
                "sha256:efcb3f6676480691518c177e3b465bcddf57cea040302f9f4e6e191af91174d4",
                "sha256:f27273b60488abe721a075bcca6d7f3964f9f6f067c8c4c605743023d7d3944f",
                "sha256:f30c3cb33b24454a82faecaf01b19c18562b1e89558fb6c56de4d9118a032fd5",
                "sha256:fb69256e180cb6c8a894fee62b3afebae785babc1ee98b81cdf68bbca1987f33",
                "sha256:fd1abc0d89e30cc4e02e4064dc67fcc51bd941eb395c502aac3ec19fab46b519",
                "sha256:ff8fa367d09b717b2a17a052544193ad76cd49979c805768879cb63d9ca50561"
            ],
            "markers": "python_full_version >= '3.7.0'",
            "version": "==3.3.2"
        },
        "click": {
            "hashes": [
                "sha256:ae74fb96c20a0277a1d615f1e4d73c8414f5a98db8b799a7931d1582f3390c28",
                "sha256:ca9853ad459e787e2192211578cc907e7594e294c7ccc834310722b41b9ca6de"
            ],
            "markers": "python_version >= '3.7'",
            "version": "==8.1.7"
        },
        "docutils": {
            "hashes": [
                "sha256:3a6b18732edf182daa3cd12775bbb338cf5691468f91eeeb109deff6ebfa986f",
                "sha256:dafca5b9e384f0e419294eb4d2ff9fa826435bf15f15b7bd45723e8ad76811b2"
            ],
            "markers": "python_version >= '3.9'",
            "version": "==0.21.2"
        },
        "google-ai-generativelanguage": {
            "hashes": [
                "sha256:1739f035caeeeca5c28f887405eec8690f3372daf79fecf26454a97a4f1733a8",
                "sha256:59297737931f073d55ce1268dcc6d95111ee62850349d2b6cde942b16a4fca5c"
            ],
            "markers": "python_version >= '3.7'",
            "version": "==0.6.6"
        },
        "google-api-core": {
            "extras": [
                "grpc"
            ],
            "hashes": [
                "sha256:53ec0258f2837dd53bbd3d3df50f5359281b3cc13f800c941dd15a9b5a415af4",
                "sha256:ca07de7e8aa1c98a8bfca9321890ad2340ef7f2eb136e558cee68f24b94b0a8f"
            ],
            "markers": "python_version >= '3.7'",
            "version": "==2.19.2"
        },
        "google-api-python-client": {
            "hashes": [
                "sha256:f9c333ac4454a012adca90c297f9a22611a8953f3aae5481f90b3a56b9bdd413",
                "sha256:fe00851b257157bca600e1692ed8a54762c4a5c7d9eb7f6d4822059424b0d0a9"
            ],
            "markers": "python_version >= '3.7'",
            "version": "==2.144.0"
        },
        "google-auth": {
            "hashes": [
                "sha256:72fd4733b80b6d777dcde515628a9eb4a577339437012874ea286bca7261ee65",
                "sha256:8eb87396435c19b20d32abd2f984e31c191a15284af72eb922f10e5bde9c04cc"
            ],
            "markers": "python_version >= '3.7'",
            "version": "==2.34.0"
        },
        "google-auth-httplib2": {
            "hashes": [
                "sha256:38aa7badf48f974f1eb9861794e9c0cb2a0511a4ec0679b1f886d108f5640e05",
                "sha256:b65a0a2123300dd71281a7bf6e64d65a0759287df52729bdd1ae2e47dc311a3d"
            ],
            "version": "==0.2.0"
        },
        "google-generativeai": {
            "hashes": [
                "sha256:3117d1ebc92ee77710d4bc25ab4763492fddce9b6332eb25d124cf5d8b78b339"
            ],
            "index": "pypi",
            "markers": "python_version >= '3.9'",
            "version": "==0.7.2"
        },
        "googleapis-common-protos": {
            "hashes": [
                "sha256:2972e6c496f435b92590fd54045060867f3fe9be2c82ab148fc8885035479a63",
                "sha256:334a29d07cddc3aa01dee4988f9afd9b2916ee2ff49d6b757155dc0d197852c0"
            ],
            "markers": "python_version >= '3.7'",
            "version": "==1.65.0"
        },
        "grpcio": {
            "hashes": [
                "sha256:0e6c9b42ded5d02b6b1fea3a25f036a2236eeb75d0579bfd43c0018c88bf0a3e",
                "sha256:161d5c535c2bdf61b95080e7f0f017a1dfcb812bf54093e71e5562b16225b4ce",
                "sha256:17663598aadbedc3cacd7bbde432f541c8e07d2496564e22b214b22c7523dac8",
                "sha256:1c17ebcec157cfb8dd445890a03e20caf6209a5bd4ac5b040ae9dbc59eef091d",
                "sha256:292a846b92cdcd40ecca46e694997dd6b9be6c4c01a94a0dfb3fcb75d20da858",
                "sha256:2ca2559692d8e7e245d456877a85ee41525f3ed425aa97eb7a70fc9a79df91a0",
                "sha256:307b1d538140f19ccbd3aed7a93d8f71103c5d525f3c96f8616111614b14bf2a",
                "sha256:30a1c2cf9390c894c90bbc70147f2372130ad189cffef161f0432d0157973f45",
                "sha256:31a049daa428f928f21090403e5d18ea02670e3d5d172581670be006100db9ef",
                "sha256:35334f9c9745add3e357e3372756fd32d925bd52c41da97f4dfdafbde0bf0ee2",
                "sha256:3750c5a00bd644c75f4507f77a804d0189d97a107eb1481945a0cf3af3e7a5ac",
                "sha256:3885f037eb11f1cacc41f207b705f38a44b69478086f40608959bf5ad85826dd",
                "sha256:4573608e23f7e091acfbe3e84ac2045680b69751d8d67685ffa193a4429fedb1",
                "sha256:4825a3aa5648010842e1c9d35a082187746aa0cdbf1b7a2a930595a94fb10fce",
                "sha256:4877ba180591acdf127afe21ec1c7ff8a5ecf0fe2600f0d3c50e8c4a1cbc6492",
                "sha256:48b0d92d45ce3be2084b92fb5bae2f64c208fea8ceed7fccf6a7b524d3c4942e",
                "sha256:4d813316d1a752be6f5c4360c49f55b06d4fe212d7df03253dfdae90c8a402bb",
                "sha256:5dd67ed9da78e5121efc5c510f0122a972216808d6de70953a740560c572eb44",
                "sha256:6f914386e52cbdeb5d2a7ce3bf1fdfacbe9d818dd81b6099a05b741aaf3848bb",
                "sha256:7101db1bd4cd9b880294dec41a93fcdce465bdbb602cd8dc5bd2d6362b618759",
                "sha256:7e06aa1f764ec8265b19d8f00140b8c4b6ca179a6dc67aa9413867c47e1fb04e",
                "sha256:84ca1be089fb4446490dd1135828bd42a7c7f8421e74fa581611f7afdf7ab761",
                "sha256:8a1e224ce6f740dbb6b24c58f885422deebd7eb724aff0671a847f8951857c26",
                "sha256:97ae7edd3f3f91480e48ede5d3e7d431ad6005bfdbd65c1b56913799ec79e791",
                "sha256:9c9bebc6627873ec27a70fc800f6083a13c70b23a5564788754b9ee52c5aef6c",
                "sha256:a013c5fbb12bfb5f927444b477a26f1080755a931d5d362e6a9a720ca7dbae60",
                "sha256:a66fe4dc35d2330c185cfbb42959f57ad36f257e0cc4557d11d9f0a3f14311df",
                "sha256:a92c4f58c01c77205df6ff999faa008540475c39b835277fb8883b11cada127a",
                "sha256:aa8ba945c96e73de29d25331b26f3e416e0c0f621e984a3ebdb2d0d0b596a3b3",
                "sha256:b0aa03d240b5539648d996cc60438f128c7f46050989e35b25f5c18286c86734",
                "sha256:b1b24c23d51a1e8790b25514157d43f0a4dce1ac12b3f0b8e9f66a5e2c4c132f",
                "sha256:b7ffb8ea674d68de4cac6f57d2498fef477cef582f1fa849e9f844863af50083",
                "sha256:b9feb4e5ec8dc2d15709f4d5fc367794d69277f5d680baf1910fc9915c633524",
                "sha256:bff2096bdba686019fb32d2dde45b95981f0d1490e054400f70fc9a8af34b49d",
                "sha256:c30aeceeaff11cd5ddbc348f37c58bcb96da8d5aa93fed78ab329de5f37a0d7a",
                "sha256:c9f80f9fad93a8cf71c7f161778ba47fd730d13a343a46258065c4deb4b550c0",
                "sha256:cfd349de4158d797db2bd82d2020554a121674e98fbe6b15328456b3bf2495bb",
                "sha256:d0cd7050397b3609ea51727b1811e663ffda8bda39c6a5bb69525ef12414b503",
                "sha256:d639c939ad7c440c7b2819a28d559179a4508783f7e5b991166f8d7a34b52815",
                "sha256:e3ba04659e4fce609de2658fe4dbf7d6ed21987a94460f5f92df7579fd5d0e22",
                "sha256:ecfe735e7a59e5a98208447293ff8580e9db1e890e232b8b292dc8bd15afc0d2",
                "sha256:ef82d361ed5849d34cf09105d00b94b6728d289d6b9235513cb2fcc79f7c432c",
                "sha256:f03a5884c56256e08fd9e262e11b5cfacf1af96e2ce78dc095d2c41ccae2c80d",
                "sha256:f1fe60d0772831d96d263b53d83fb9a3d050a94b0e94b6d004a5ad111faa5b5b",
                "sha256:f517fd7259fe823ef3bd21e508b653d5492e706e9f0ef82c16ce3347a8a5620c",
                "sha256:fdb14bad0835914f325349ed34a51940bc2ad965142eb3090081593c6e347be9"
            ],
            "version": "==1.66.1"
        },
        "grpcio-status": {
            "hashes": [
                "sha256:289bdd7b2459794a12cf95dc0cb727bd4a1742c37bd823f760236c937e53a485",
                "sha256:f9049b762ba8de6b1086789d8315846e094edac2c50beaf462338b301a8fd4b8"
            ],
            "version": "==1.62.3"
        },
        "h11": {
            "hashes": [
                "sha256:8f19fbbe99e72420ff35c00b27a34cb9937e902a8b810e2c88300c6f0a3b699d",
                "sha256:e3fe4ac4b851c468cc8363d500db52c2ead036020723024a109d37346efaa761"
            ],
            "markers": "python_version >= '3.7'",
            "version": "==0.14.0"
        },
        "httpcore": {
            "hashes": [
                "sha256:34a38e2f9291467ee3b44e89dd52615370e152954ba21721378a87b2960f7a61",
                "sha256:421f18bac248b25d310f3cacd198d55b8e6125c107797b609ff9b7a6ba7991b5"
            ],
            "markers": "python_version >= '3.8'",
            "version": "==1.0.5"
        },
        "httplib2": {
            "hashes": [
                "sha256:14ae0a53c1ba8f3d37e9e27cf37eabb0fb9980f435ba405d546948b009dd64dc",
                "sha256:d7a10bc5ef5ab08322488bde8c726eeee5c8618723fdb399597ec58f3d82df81"
            ],
            "markers": "python_version >= '2.7' and python_version not in '3.0, 3.1, 3.2, 3.3'",
            "version": "==0.22.0"
        },
        "httpx": {
            "hashes": [
                "sha256:7bb2708e112d8fdd7829cd4243970f0c223274051cb35ee80c03301ee29a3df0",
                "sha256:f7c2be1d2f3c3c3160d441802406b206c2b76f5947b11115e6df10c6c65e66c2"
            ],
            "index": "pypi",
            "markers": "python_version >= '3.8'",
            "version": "==0.27.2"
        },
        "idna": {
            "hashes": [
                "sha256:050b4e5baadcd44d760cedbd2b8e639f2ff89bbc7a5730fcc662954303377aac",
                "sha256:d838c2c0ed6fced7693d5e8ab8e734d5f8fda53a039c0164afb0b82e771e3603"
            ],
            "markers": "python_version >= '3.6'",
            "version": "==3.8"
        },
        "importlib-metadata": {
            "hashes": [
                "sha256:66f342cc6ac9818fc6ff340576acd24d65ba0b3efabb2b4ac08b598965a4a2f1",
                "sha256:9a547d3bc3608b025f93d403fdd1aae741c24fbb8314df4b155675742ce303c5"
            ],
            "markers": "python_version >= '3.8'",
            "version": "==8.4.0"
        },
        "jaraco.classes": {
            "hashes": [
                "sha256:47a024b51d0239c0dd8c8540c6c7f484be3b8fcf0b2d85c13825780d3b3f3acd",
                "sha256:f662826b6bed8cace05e7ff873ce0f9283b5c924470fe664fff1c2f00f581790"
            ],
            "markers": "python_version >= '3.8'",
            "version": "==3.4.0"
        },
        "jaraco.context": {
            "hashes": [
                "sha256:9bae4ea555cf0b14938dc0aee7c9f32ed303aa20a3b73e7dc80111628792d1b3",
                "sha256:f797fc481b490edb305122c9181830a3a5b76d84ef6d1aef2fb9b47ab956f9e4"
            ],
            "markers": "python_version >= '3.8'",
            "version": "==6.0.1"
        },
        "jaraco.functools": {
            "hashes": [
                "sha256:3460c74cd0d32bf82b9576bbb3527c4364d5b27a21f5158a62aed6c4b42e23f5",
                "sha256:c9d16a3ed4ccb5a889ad8e0b7a343401ee5b2a71cee6ed192d3f68bc351e94e3"
            ],
            "markers": "python_version >= '3.8'",
            "version": "==4.0.2"
        },
        "keyring": {
            "hashes": [
                "sha256:8d85a1ea5d6db8515b59e1c5d1d1678b03cf7fc8b8dcfb1651e8c4a524eb42ef",
                "sha256:8d963da00ccdf06e356acd9bf3b743208878751032d8599c6cc89eb51310ffae"
            ],
            "markers": "python_version >= '3.8'",
            "version": "==25.3.0"
        },
        "markdown-it-py": {
            "hashes": [
                "sha256:355216845c60bd96232cd8d8c40e8f9765cc86f46880e43a8fd22dc1a1a8cab1",
                "sha256:e3f60a94fa066dc52ec76661e37c851cb232d92f9886b15cb560aaada2df8feb"
            ],
            "markers": "python_version >= '3.8'",
            "version": "==3.0.0"
        },
        "mdurl": {
            "hashes": [
                "sha256:84008a41e51615a49fc9966191ff91509e3c40b939176e643fd50a5c2196b8f8",
                "sha256:bb413d29f5eea38f31dd4754dd7377d4465116fb207585f97bf925588687c1ba"
            ],
            "markers": "python_version >= '3.7'",
            "version": "==0.1.2"
        },
        "more-itertools": {
            "hashes": [
                "sha256:037b0d3203ce90cca8ab1defbbdac29d5f993fc20131f3664dc8d6acfa872aef",
                "sha256:5482bfef7849c25dc3c6dd53a6173ae4795da2a41a80faea6700d9f5846c5da6"
            ],
            "markers": "python_version >= '3.8'",
            "version": "==10.5.0"
        },
        "nh3": {
            "hashes": [
                "sha256:0411beb0589eacb6734f28d5497ca2ed379eafab8ad8c84b31bb5c34072b7164",
                "sha256:14c5a72e9fe82aea5fe3072116ad4661af5cf8e8ff8fc5ad3450f123e4925e86",
                "sha256:19aaba96e0f795bd0a6c56291495ff59364f4300d4a39b29a0abc9cb3774a84b",
                "sha256:34c03fa78e328c691f982b7c03d4423bdfd7da69cd707fe572f544cf74ac23ad",
                "sha256:36c95d4b70530b320b365659bb5034341316e6a9b30f0b25fa9c9eff4c27a204",
                "sha256:3a157ab149e591bb638a55c8c6bcb8cdb559c8b12c13a8affaba6cedfe51713a",
                "sha256:42c64511469005058cd17cc1537578eac40ae9f7200bedcfd1fc1a05f4f8c200",
                "sha256:5f36b271dae35c465ef5e9090e1fdaba4a60a56f0bb0ba03e0932a66f28b9189",
                "sha256:6955369e4d9f48f41e3f238a9e60f9410645db7e07435e62c6a9ea6135a4907f",
                "sha256:7b7c2a3c9eb1a827d42539aa64091640bd275b81e097cd1d8d82ef91ffa2e811",
                "sha256:8ce0f819d2f1933953fca255db2471ad58184a60508f03e6285e5114b6254844",
                "sha256:94a166927e53972a9698af9542ace4e38b9de50c34352b962f4d9a7d4c927af4",
                "sha256:a7f1b5b2c15866f2db413a3649a8fe4fd7b428ae58be2c0f6bca5eefd53ca2be",
                "sha256:c8b3a1cebcba9b3669ed1a84cc65bf005728d2f0bc1ed2a6594a992e817f3a50",
                "sha256:de3ceed6e661954871d6cd78b410213bdcb136f79aafe22aa7182e028b8c7307",
                "sha256:f0eca9ca8628dbb4e916ae2491d72957fdd35f7a5d326b7032a345f111ac07fe"
            ],
            "version": "==0.2.18"
        },
        "packaging": {
            "hashes": [
                "sha256:026ed72c8ed3fcce5bf8950572258698927fd1dbda10a5e981cdf0ac37f4f002",
                "sha256:5b8f2217dbdbd2f7f384c41c628544e6d52f2d0f53c6d0c3ea61aa5d1d7ff124"
            ],
            "markers": "python_version >= '3.8'",
            "version": "==24.1"
        },
        "pkginfo": {
            "hashes": [
                "sha256:5df73835398d10db79f8eecd5cd86b1f6d29317589ea70796994d49399af6297",
                "sha256:889a6da2ed7ffc58ab5b900d888ddce90bce912f2d2de1dc1c26f4cb9fe65097"
            ],
            "markers": "python_version >= '3.6'",
            "version": "==1.10.0"
        },
        "proto-plus": {
            "hashes": [
                "sha256:30b72a5ecafe4406b0d339db35b56c4059064e69227b8c3bda7462397f966445",
                "sha256:402576830425e5f6ce4c2a6702400ac79897dab0b4343821aa5188b0fab81a12"
            ],
            "markers": "python_version >= '3.7'",
            "version": "==1.24.0"
        },
        "protobuf": {
            "hashes": [
                "sha256:051e97ce9fa6067a4546e75cb14f90cf0232dcb3e3d508c448b8d0e4265b61c1",
                "sha256:0dc4a62cc4052a036ee2204d26fe4d835c62827c855c8a03f29fe6da146b380d",
                "sha256:3319e073562e2515c6ddc643eb92ce20809f5d8f10fead3332f71c63be6a7040",
                "sha256:4c8a70fdcb995dcf6c8966cfa3a29101916f7225e9afe3ced4395359955d3835",
                "sha256:7e372cbbda66a63ebca18f8ffaa6948455dfecc4e9c1029312f6c2edcd86c4e1",
                "sha256:90bf6fd378494eb698805bbbe7afe6c5d12c8e17fca817a646cd6a1818c696ca",
                "sha256:ac79a48d6b99dfed2729ccccee547b34a1d3d63289c71cef056653a846a2240f",
                "sha256:ba3d8504116a921af46499471c63a85260c1a5fc23333154a427a310e015d26d",
                "sha256:bfbebc1c8e4793cfd58589acfb8a1026be0003e852b9da7db5a4285bde996978",
                "sha256:db9fd45183e1a67722cafa5c1da3e85c6492a5383f127c86c4c4aa4845867dc4",
                "sha256:eecd41bfc0e4b1bd3fa7909ed93dd14dd5567b98c941d6c1ad08fdcab3d6884b"
            ],
            "markers": "python_version >= '3.8'",
            "version": "==4.25.4"
        },
        "pyasn1": {
            "hashes": [
                "sha256:3a35ab2c4b5ef98e17dfdec8ab074046fbda76e281c5a706ccd82328cfc8f64c",
                "sha256:cca4bb0f2df5504f02f6f8a775b6e416ff9b0b3b16f7ee80b5a3153d9b804473"
            ],
            "markers": "python_version >= '3.8'",
            "version": "==0.6.0"
        },
        "pyasn1-modules": {
            "hashes": [
                "sha256:831dbcea1b177b28c9baddf4c6d1013c24c3accd14a1873fffaa6a2e905f17b6",
                "sha256:be04f15b66c206eed667e0bb5ab27e2b1855ea54a842e5037738099e8ca4ae0b"
            ],
            "markers": "python_version >= '3.8'",
            "version": "==0.4.0"
        },
        "pydantic": {
            "hashes": [
                "sha256:c7a8a9fdf7d100afa49647eae340e2d23efa382466a8d177efcd1381e9be5598",
                "sha256:f66a7073abd93214a20c5f7b32d56843137a7a2e70d02111f3be287035c45370"
            ],
            "markers": "python_version >= '3.8'",
            "version": "==2.9.0"
        },
        "pydantic-core": {
            "hashes": [
                "sha256:0102e49ac7d2df3379ef8d658d3bc59d3d769b0bdb17da189b75efa861fc07b4",
                "sha256:0123655fedacf035ab10c23450163c2f65a4174f2bb034b188240a6cf06bb123",
                "sha256:043ef8469f72609c4c3a5e06a07a1f713d53df4d53112c6d49207c0bd3c3bd9b",
                "sha256:0448b81c3dfcde439551bb04a9f41d7627f676b12701865c8a2574bcea034437",
                "sha256:05b366fb8fe3d8683b11ac35fa08947d7b92be78ec64e3277d03bd7f9b7cda79",
                "sha256:07049ec9306ec64e955b2e7c40c8d77dd78ea89adb97a2013d0b6e055c5ee4c5",
                "sha256:084414ffe9a85a52940b49631321d636dadf3576c30259607b75516d131fecd0",
                "sha256:086c5db95157dc84c63ff9d96ebb8856f47ce113c86b61065a066f8efbe80acf",
                "sha256:12625e69b1199e94b0ae1c9a95d000484ce9f0182f9965a26572f054b1537e44",
                "sha256:16b25a4a120a2bb7dab51b81e3d9f3cde4f9a4456566c403ed29ac81bf49744f",
                "sha256:19f1352fe4b248cae22a89268720fc74e83f008057a652894f08fa931e77dced",
                "sha256:1a2ab4f410f4b886de53b6bddf5dd6f337915a29dd9f22f20f3099659536b2f6",
                "sha256:1c7b81beaf7c7ebde978377dc53679c6cba0e946426fc7ade54251dfe24a7604",
                "sha256:1cf842265a3a820ebc6388b963ead065f5ce8f2068ac4e1c713ef77a67b71f7c",
                "sha256:1eb37f7d6a8001c0f86dc8ff2ee8d08291a536d76e49e78cda8587bb54d8b329",
                "sha256:23af245b8f2f4ee9e2c99cb3f93d0e22fb5c16df3f2f643f5a8da5caff12a653",
                "sha256:257d6a410a0d8aeb50b4283dea39bb79b14303e0fab0f2b9d617701331ed1515",
                "sha256:276ae78153a94b664e700ac362587c73b84399bd1145e135287513442e7dfbc7",
                "sha256:2b1a195efd347ede8bcf723e932300292eb13a9d2a3c1f84eb8f37cbbc905b7f",
                "sha256:329a721253c7e4cbd7aad4a377745fbcc0607f9d72a3cc2102dd40519be75ed2",
                "sha256:358331e21a897151e54d58e08d0219acf98ebb14c567267a87e971f3d2a3be59",
                "sha256:3649bd3ae6a8ebea7dc381afb7f3c6db237fc7cebd05c8ac36ca8a4187b03b30",
                "sha256:3713dc093d5048bfaedbba7a8dbc53e74c44a140d45ede020dc347dda18daf3f",
                "sha256:3ef71ec876fcc4d3bbf2ae81961959e8d62f8d74a83d116668409c224012e3af",
                "sha256:41ae8537ad371ec018e3c5da0eb3f3e40ee1011eb9be1da7f965357c4623c501",
                "sha256:4a801c5e1e13272e0909c520708122496647d1279d252c9e6e07dac216accc41",
                "sha256:4c83c64d05ffbbe12d4e8498ab72bdb05bcc1026340a4a597dc647a13c1605ec",
                "sha256:4cebb9794f67266d65e7e4cbe5dcf063e29fc7b81c79dc9475bd476d9534150e",
                "sha256:5668b3173bb0b2e65020b60d83f5910a7224027232c9f5dc05a71a1deac9f960",
                "sha256:56e6a12ec8d7679f41b3750ffa426d22b44ef97be226a9bab00a03365f217b2b",
                "sha256:582871902e1902b3c8e9b2c347f32a792a07094110c1bca6c2ea89b90150caac",
                "sha256:5c8aa40f6ca803f95b1c1c5aeaee6237b9e879e4dfb46ad713229a63651a95fb",
                "sha256:5d813fd871b3d5c3005157622ee102e8908ad6011ec915a18bd8fde673c4360e",
                "sha256:5dd0ec5f514ed40e49bf961d49cf1bc2c72e9b50f29a163b2cc9030c6742aa73",
                "sha256:5f3cf3721eaf8741cffaf092487f1ca80831202ce91672776b02b875580e174a",
                "sha256:6294907eaaccf71c076abdd1c7954e272efa39bb043161b4b8aa1cd76a16ce43",
                "sha256:64d094ea1aa97c6ded4748d40886076a931a8bf6f61b6e43e4a1041769c39dd2",
                "sha256:6650a7bbe17a2717167e3e23c186849bae5cef35d38949549f1c116031b2b3aa",
                "sha256:67b6655311b00581914aba481729971b88bb8bc7996206590700a3ac85e457b8",
                "sha256:6b06c5d4e8701ac2ba99a2ef835e4e1b187d41095a9c619c5b185c9068ed2a49",
                "sha256:6ce883906810b4c3bd90e0ada1f9e808d9ecf1c5f0b60c6b8831d6100bcc7dd6",
                "sha256:6db09153d8438425e98cdc9a289c5fade04a5d2128faff8f227c459da21b9703",
                "sha256:6f80fba4af0cb1d2344869d56430e304a51396b70d46b91a55ed4959993c0589",
                "sha256:743e5811b0c377eb830150d675b0847a74a44d4ad5ab8845923d5b3a756d8100",
                "sha256:753294d42fb072aa1775bfe1a2ba1012427376718fa4c72de52005a3d2a22178",
                "sha256:7568f682c06f10f30ef643a1e8eec4afeecdafde5c4af1b574c6df079e96f96c",
                "sha256:7706e15cdbf42f8fab1e6425247dfa98f4a6f8c63746c995d6a2017f78e619ae",
                "sha256:785e7f517ebb9890813d31cb5d328fa5eda825bb205065cde760b3150e4de1f7",
                "sha256:7a05c0240f6c711eb381ac392de987ee974fa9336071fb697768dfdb151345ce",
                "sha256:7ce7eaf9a98680b4312b7cebcdd9352531c43db00fca586115845df388f3c465",
                "sha256:7ce8e26b86a91e305858e018afc7a6e932f17428b1eaa60154bd1f7ee888b5f8",
                "sha256:7d0324a35ab436c9d768753cbc3c47a865a2cbc0757066cb864747baa61f6ece",
                "sha256:7e9b24cca4037a561422bf5dc52b38d390fb61f7bfff64053ce1b72f6938e6b2",
                "sha256:810ca06cca91de9107718dc83d9ac4d2e86efd6c02cba49a190abcaf33fb0472",
                "sha256:820f6ee5c06bc868335e3b6e42d7ef41f50dfb3ea32fbd523ab679d10d8741c0",
                "sha256:82764c0bd697159fe9947ad59b6db6d7329e88505c8f98990eb07e84cc0a5d81",
                "sha256:8ae65fdfb8a841556b52935dfd4c3f79132dc5253b12c0061b96415208f4d622",
                "sha256:8d5b0ff3218858859910295df6953d7bafac3a48d5cd18f4e3ed9999efd2245f",
                "sha256:95d6bf449a1ac81de562d65d180af5d8c19672793c81877a2eda8fde5d08f2fd",
                "sha256:964c7aa318da542cdcc60d4a648377ffe1a2ef0eb1e996026c7f74507b720a78",
                "sha256:96ef39add33ff58cd4c112cbac076726b96b98bb8f1e7f7595288dcfb2f10b57",
                "sha256:a6612c2a844043e4d10a8324c54cdff0042c558eef30bd705770793d70b224aa",
                "sha256:a8031074a397a5925d06b590121f8339d34a5a74cfe6970f8a1124eb8b83f4ac",
                "sha256:aab9e522efff3993a9e98ab14263d4e20211e62da088298089a03056980a3e69",
                "sha256:ae579143826c6f05a361d9546446c432a165ecf1c0b720bbfd81152645cb897d",
                "sha256:ae90b9e50fe1bd115b24785e962b51130340408156d34d67b5f8f3fa6540938e",
                "sha256:b18cf68255a476b927910c6873d9ed00da692bb293c5b10b282bd48a0afe3ae2",
                "sha256:b7efb12e5071ad8d5b547487bdad489fbd4a5a35a0fc36a1941517a6ad7f23e0",
                "sha256:c4d9f15ffe68bcd3898b0ad7233af01b15c57d91cd1667f8d868e0eacbfe3f87",
                "sha256:c53100c8ee5a1e102766abde2158077d8c374bee0639201f11d3032e3555dfbc",
                "sha256:c57e493a0faea1e4c38f860d6862ba6832723396c884fbf938ff5e9b224200e2",
                "sha256:c8319e0bd6a7b45ad76166cc3d5d6a36c97d0c82a196f478c3ee5346566eebfd",
                "sha256:caffda619099cfd4f63d48462f6aadbecee3ad9603b4b88b60cb821c1b258576",
                "sha256:cc0c316fba3ce72ac3ab7902a888b9dc4979162d320823679da270c2d9ad0cad",
                "sha256:cdd02a08205dc90238669f082747612cb3c82bd2c717adc60f9b9ecadb540f80",
                "sha256:d50ac34835c6a4a0d456b5db559b82047403c4317b3bc73b3455fefdbdc54b0a",
                "sha256:d6b9dd6aa03c812017411734e496c44fef29b43dba1e3dd1fa7361bbacfc1354",
                "sha256:da3131ef2b940b99106f29dfbc30d9505643f766704e14c5d5e504e6a480c35e",
                "sha256:da43cbe593e3c87d07108d0ebd73771dc414488f1f91ed2e204b0370b94b37ac",
                "sha256:dd59638025160056687d598b054b64a79183f8065eae0d3f5ca523cde9943940",
                "sha256:e1895e949f8849bc2757c0dbac28422a04be031204df46a56ab34bcf98507342",
                "sha256:e1a79ad49f346aa1a2921f31e8dbbab4d64484823e813a002679eaa46cba39e1",
                "sha256:e460475719721d59cd54a350c1f71c797c763212c836bf48585478c5514d2854",
                "sha256:e64ffaf8f6e17ca15eb48344d86a7a741454526f3a3fa56bc493ad9d7ec63936",
                "sha256:e6e3ccebdbd6e53474b0bb7ab8b88e83c0cfe91484b25e058e581348ee5a01a5",
                "sha256:e758d271ed0286d146cf7c04c539a5169a888dd0b57026be621547e756af55bc",
                "sha256:f087879f1ffde024dd2788a30d55acd67959dcf6c431e9d3682d1c491a0eb474",
                "sha256:f477d26183e94eaafc60b983ab25af2a809a1b48ce4debb57b343f671b7a90b6",
                "sha256:fc535cb898ef88333cf317777ecdfe0faac1c2a3187ef7eb061b6f7ecf7e6bae"
            ],
            "markers": "python_version >= '3.8'",
            "version": "==2.23.2"
        },
        "pygments": {
            "hashes": [
                "sha256:786ff802f32e91311bff3889f6e9a86e81505fe99f2735bb6d60ae0c5004f199",
                "sha256:b8e6aca0523f3ab76fee51799c488e38782ac06eafcf95e7ba832985c8e7b13a"
            ],
            "markers": "python_version >= '3.8'",
            "version": "==2.18.0"
        },
        "pyparsing": {
            "hashes": [
                "sha256:a6a7ee4235a3f944aa1fa2249307708f893fe5717dc603503c6c7969c070fb7c",
                "sha256:f86ec8d1a83f11977c9a6ea7598e8c27fc5cddfa5b07ea2241edbbde1d7bc032"
            ],
            "markers": "python_version >= '3.1'",
            "version": "==3.1.4"
        },
        "pyproject-hooks": {
            "hashes": [
                "sha256:4b37730834edbd6bd37f26ece6b44802fb1c1ee2ece0e54ddff8bfc06db86965",
                "sha256:7ceeefe9aec63a1064c18d939bdc3adf2d8aa1988a510afec15151578b232aa2"
            ],
            "markers": "python_version >= '3.7'",
            "version": "==1.1.0"
        },
        "python-dotenv": {
            "hashes": [
                "sha256:e324ee90a023d808f1959c46bcbc04446a10ced277783dc6ee09987c37ec10ca",
                "sha256:f7b63ef50f1b690dddf550d03497b66d609393b40b564ed0d674909a68ebf16a"
            ],
            "index": "pypi",
            "markers": "python_version >= '3.8'",
            "version": "==1.0.1"
        },
        "readme-renderer": {
            "hashes": [
                "sha256:2fbca89b81a08526aadf1357a8c2ae889ec05fb03f5da67f9769c9a592166151",
                "sha256:8712034eabbfa6805cacf1402b4eeb2a73028f72d1166d6f5cb7f9c047c5d1e1"
            ],
            "markers": "python_version >= '3.9'",
            "version": "==44.0"
        },
        "requests": {
            "hashes": [
                "sha256:55365417734eb18255590a9ff9eb97e9e1da868d4ccd6402399eaf68af20a760",
                "sha256:70761cfe03c773ceb22aa2f671b4757976145175cdfca038c02654d061d6dcc6"
            ],
            "markers": "python_version >= '3.8'",
            "version": "==2.32.3"
        },
        "requests-toolbelt": {
            "hashes": [
                "sha256:7681a0a3d047012b5bdc0ee37d7f8f07ebe76ab08caeccfc3921ce23c88d5bc6",
                "sha256:cccfdd665f0a24fcf4726e690f65639d272bb0637b9b92dfd91a5568ccf6bd06"
            ],
            "markers": "python_version >= '2.7' and python_version not in '3.0, 3.1, 3.2, 3.3'",
            "version": "==1.0.0"
        },
        "rfc3986": {
            "hashes": [
                "sha256:50b1502b60e289cb37883f3dfd34532b8873c7de9f49bb546641ce9cbd256ebd",
                "sha256:97aacf9dbd4bfd829baad6e6309fa6573aaf1be3f6fa735c8ab05e46cecb261c"
            ],
            "markers": "python_version >= '3.7'",
            "version": "==2.0.0"
        },
        "rich": {
            "hashes": [
                "sha256:2e85306a063b9492dffc86278197a60cbece75bcb766022f3436f567cae11bdc",
                "sha256:a5ac1f1cd448ade0d59cc3356f7db7a7ccda2c8cbae9c7a90c28ff463d3e91f4"
            ],
            "markers": "python_full_version >= '3.7.0'",
            "version": "==13.8.0"
        },
        "rsa": {
            "hashes": [
                "sha256:90260d9058e514786967344d0ef75fa8727eed8a7d2e43ce9f4bcf1b536174f7",
                "sha256:e38464a49c6c85d7f1351b0126661487a7e0a14a50f1675ec50eb34d4f20ef21"
            ],
            "markers": "python_version >= '3.6' and python_version < '4'",
            "version": "==4.9"
        },
        "setuptools": {
            "hashes": [
                "sha256:5f4c08aa4d3ebcb57a50c33b1b07e94315d7fc7230f7115e47fc99776c8ce308",
                "sha256:95b40ed940a1c67eb70fc099094bd6e99c6ee7c23aa2306f4d2697ba7916f9c6"
            ],
            "index": "pypi",
            "markers": "python_version >= '3.8'",
            "version": "==74.1.2"
        },
        "shellingham": {
            "hashes": [
                "sha256:7ecfff8f2fd72616f7481040475a65b2bf8af90a56c89140852d1120324e8686",
                "sha256:8dbca0739d487e5bd35ab3ca4b36e11c4078f3a234bfce294b0a0291363404de"
            ],
            "markers": "python_version >= '3.7'",
            "version": "==1.5.4"
        },
        "sniffio": {
            "hashes": [
                "sha256:2f6da418d1f1e0fddd844478f41680e794e6051915791a034ff65e5f100525a2",
                "sha256:f4324edc670a0f49750a81b895f35c3adb843cca46f0530f79fc1babb23789dc"
            ],
            "markers": "python_version >= '3.7'",
            "version": "==1.3.1"
        },
        "tqdm": {
            "hashes": [
                "sha256:90279a3770753eafc9194a0364852159802111925aa30eb3f9d85b0e805ac7cd",
                "sha256:e1020aef2e5096702d8a025ac7d16b1577279c9d63f8375b63083e9a5f0fcbad"
            ],
            "markers": "python_version >= '3.7'",
            "version": "==4.66.5"
        },
        "twine": {
            "hashes": [
                "sha256:215dbe7b4b94c2c50a7315c0275d2258399280fbb7d04182c7e55e24b5f93997",
                "sha256:9aa0825139c02b3434d913545c7b847a21c835e11597f5255842d457da2322db"
            ],
            "index": "pypi",
            "markers": "python_version >= '3.8'",
            "version": "==5.1.1"
        },
        "typer": {
            "hashes": [
                "sha256:62fe4e471711b147e3365034133904df3e235698399bc4de2b36c8579298d52b",
                "sha256:f592f089bedcc8ec1b974125d64851029c3b1af145f04aca64d69410f0c9b722"
            ],
            "index": "pypi",
            "markers": "python_version >= '3.7'",
            "version": "==0.12.5"
        },
        "typing-extensions": {
            "hashes": [
                "sha256:04e5ca0351e0f3f85c6853954072df659d0d13fac324d0072316b67d7794700d",
                "sha256:1a7ead55c7e559dd4dee8856e3a88b41225abfe1ce8df57b7c13915fe121ffb8"
            ],
            "markers": "python_version >= '3.8'",
            "version": "==4.12.2"
        },
        "tzdata": {
            "hashes": [
                "sha256:2674120f8d891909751c38abcdfd386ac0a5a1127954fbc332af6b5ceae07efd",
                "sha256:9068bc196136463f5245e51efda838afa15aaeca9903f49050dfa2679db4d252"
            ],
            "markers": "python_version >= '3.9'",
            "version": "==2024.1"
        },
        "uritemplate": {
            "hashes": [
                "sha256:4346edfc5c3b79f694bccd6d6099a322bbeb628dbf2cd86eea55a456ce5124f0",
                "sha256:830c08b8d99bdd312ea4ead05994a38e8936266f84b9a7878232db50b044e02e"
            ],
            "markers": "python_version >= '3.6'",
            "version": "==4.1.1"
        },
        "urllib3": {
            "hashes": [
                "sha256:a448b2f64d686155468037e1ace9f2d2199776e17f0a46610480d311f73e3472",
                "sha256:dd505485549a7a552833da5e6063639d0d177c04f23bc3864e41e5dc5f612168"
            ],
            "markers": "python_version >= '3.8'",
            "version": "==2.2.2"
        },
        "wheel": {
            "hashes": [
                "sha256:2376a90c98cc337d18623527a97c31797bd02bad0033d41547043a1cbfbe448f",
                "sha256:a29c3f2817e95ab89aa4660681ad547c0e9547f20e75b0562fe7723c9a2a9d49"
            ],
            "index": "pypi",
            "markers": "python_version >= '3.8'",
            "version": "==0.44.0"
        },
        "zipp": {
            "hashes": [
                "sha256:9960cd8967c8f85a56f920d5d507274e74f9ff813a0ab8889a5b5be2daf44064",
                "sha256:c22b14cc4763c5a5b04134207736c107db42e9d3ef2d9779d465f5f1bcba572b"
            ],
            "markers": "python_version >= '3.8'",
            "version": "==3.20.1"
        }
    },
    "develop": {
        "ruff": {
            "hashes": [
                "sha256:0308610470fcc82969082fc83c76c0d362f562e2f0cdab0586516f03a4e06ec6",
                "sha256:0b52387d3289ccd227b62102c24714ed75fbba0b16ecc69a923a37e3b5e0aaaa",
                "sha256:0ea086601b22dc5e7693a78f3fcfc460cceabfdf3bdc36dc898792aba48fbad6",
                "sha256:34d5efad480193c046c86608dbba2bccdc1c5fd11950fb271f8086e0c763a5d1",
                "sha256:50e30b437cebef547bd5c3edf9ce81343e5dd7c737cb36ccb4fe83573f3d392e",
                "sha256:549daccee5227282289390b0222d0fbee0275d1db6d514550d65420053021a58",
                "sha256:66dbfea86b663baab8fcae56c59f190caba9398df1488164e2df53e216248baa",
                "sha256:7862f42fc1a4aca1ea3ffe8a11f67819d183a5693b228f0bb3a531f5e40336fc",
                "sha256:803b96dea21795a6c9d5bfa9e96127cc9c31a1987802ca68f35e5c95aed3fc0d",
                "sha256:932063a03bac394866683e15710c25b8690ccdca1cf192b9a98260332ca93408",
                "sha256:ac3b5bfbee99973f80aa1b7cbd1c9cbce200883bdd067300c22a6cc1c7fba212",
                "sha256:ac4b75e898ed189b3708c9ab3fc70b79a433219e1e87193b4f2b77251d058d14",
                "sha256:bedff9e4f004dad5f7f76a9d39c4ca98af526c9b1695068198b3bda8c085ef60",
                "sha256:c44536df7b93a587de690e124b89bd47306fddd59398a0fb12afd6133c7b3818",
                "sha256:c4b153fc152af51855458e79e835fb6b933032921756cec9af7d0ba2aa01a258",
                "sha256:d02a4127a86de23002e694d7ff19f905c51e338c72d8e09b56bfb60e1681724f",
                "sha256:eebe4ff1967c838a1a9618a5a59a3b0a00406f8d7eefee97c70411fefc353617",
                "sha256:f0f8968feea5ce3777c0d8365653d5e91c40c31a81d95824ba61d871a11b8523"
            ],
            "index": "pypi",
            "markers": "python_version >= '3.7'",
            "version": "==0.6.4"
        }
    }
}
